
Microsoft Visual Studio Solution File, Format Version 12.00
# Visual Studio Version 16
VisualStudioVersion = 16.0.30225.117
MinimumVisualStudioVersion = 10.0.40219.1
Project("{FAE04EC0-301F-11D3-BF4B-00C04F79EFBC}") = "Solicitacao.Manutencao.Dominio", "src\Solicitacao.Manutencao.Dominio\Solicitacao.Manutencao.Dominio.csproj", "{21C5AF28-2CE6-44EB-A571-ECB64D41222D}"
EndProject
Project("{FAE04EC0-301F-11D3-BF4B-00C04F79EFBC}") = "Solicitacao.Manutencao.Testes", "test\Solicitacao.Manutencao.Testes\Solicitacao.Manutencao.Testes.csproj", "{39431B58-67C1-44D4-B883-C667C7804664}"
EndProject
Global
	GlobalSection(SolutionConfigurationPlatforms) = preSolution
		Debug|Any CPU = Debug|Any CPU
		Release|Any CPU = Release|Any CPU
	EndGlobalSection
	GlobalSection(ProjectConfigurationPlatforms) = postSolution
		{21C5AF28-2CE6-44EB-A571-ECB64D41222D}.Debug|Any CPU.ActiveCfg = Debug|Any CPU
		{21C5AF28-2CE6-44EB-A571-ECB64D41222D}.Debug|Any CPU.Build.0 = Debug|Any CPU
		{21C5AF28-2CE6-44EB-A571-ECB64D41222D}.Release|Any CPU.ActiveCfg = Release|Any CPU
		{21C5AF28-2CE6-44EB-A571-ECB64D41222D}.Release|Any CPU.Build.0 = Release|Any CPU
		{39431B58-67C1-44D4-B883-C667C7804664}.Debug|Any CPU.ActiveCfg = Debug|Any CPU
		{39431B58-67C1-44D4-B883-C667C7804664}.Debug|Any CPU.Build.0 = Debug|Any CPU
		{39431B58-67C1-44D4-B883-C667C7804664}.Release|Any CPU.ActiveCfg = Release|Any CPU
		{39431B58-67C1-44D4-B883-C667C7804664}.Release|Any CPU.Build.0 = Release|Any CPU
	EndGlobalSection
	GlobalSection(SolutionProperties) = preSolution
		HideSolutionNode = FALSE
	EndGlobalSection
	GlobalSection(ExtensibilityGlobals) = postSolution
		SolutionGuid = {867C4813-E84C-4E84-AA22-B0F75E3E44C6}
	EndGlobalSection
EndGlobal
