
Microsoft Visual Studio Solution File, Format Version 12.00
# Visual Studio Version 16
VisualStudioVersion = 16.0.30225.117
MinimumVisualStudioVersion = 10.0.40219.1
Project("{9A19103F-16F7-4668-BE54-9A1E7A4F7556}") = "Solicitacao.Manutencao.Dominio", "src\Solicitacao.Manutencao.Dominio\Solicitacao.Manutencao.Dominio.csproj", "{21C5AF28-2CE6-44EB-A571-ECB64D41222D}"
EndProject
Project("{FAE04EC0-301F-11D3-BF4B-00C04F79EFBC}") = "Solicitacao.Manutencao.Teste", "test\Solicitacao.Manutencao.Teste\Solicitacao.Manutencao.Teste.csproj", "{4B339E90-67FF-4F69-ADD1-50CE72DAA598}"
EndProject
Global
	GlobalSection(SolutionConfigurationPlatforms) = preSolution
		Debug|Any CPU = Debug|Any CPU
		Release|Any CPU = Release|Any CPU
	EndGlobalSection
	GlobalSection(ProjectConfigurationPlatforms) = postSolution
		{21C5AF28-2CE6-44EB-A571-ECB64D41222D}.Debug|Any CPU.ActiveCfg = Debug|Any CPU
		{21C5AF28-2CE6-44EB-A571-ECB64D41222D}.Debug|Any CPU.Build.0 = Debug|Any CPU
		{21C5AF28-2CE6-44EB-A571-ECB64D41222D}.Release|Any CPU.ActiveCfg = Release|Any CPU
		{21C5AF28-2CE6-44EB-A571-ECB64D41222D}.Release|Any CPU.Build.0 = Release|Any CPU
		{4B339E90-67FF-4F69-ADD1-50CE72DAA598}.Debug|Any CPU.ActiveCfg = Debug|Any CPU
		{4B339E90-67FF-4F69-ADD1-50CE72DAA598}.Debug|Any CPU.Build.0 = Debug|Any CPU
		{4B339E90-67FF-4F69-ADD1-50CE72DAA598}.Release|Any CPU.ActiveCfg = Release|Any CPU
		{4B339E90-67FF-4F69-ADD1-50CE72DAA598}.Release|Any CPU.Build.0 = Release|Any CPU
	EndGlobalSection
	GlobalSection(SolutionProperties) = preSolution
		HideSolutionNode = FALSE
	EndGlobalSection
	GlobalSection(ExtensibilityGlobals) = postSolution
		SolutionGuid = {867C4813-E84C-4E84-AA22-B0F75E3E44C6}
	EndGlobalSection
EndGlobal
